schema: '2.0'
stages:
  transform:
    cmd: python backend/src/data_transform.py
    deps:
    - path: backend/data/raw/email_dataset.csv
      hash: md5
      md5: 5c095d4ff614c67143ffafcad9ea8162
      size: 2721719
    - path: backend/src/data_transform.py
      hash: md5
      md5: b2333fb097e1d7aff48951325c699fda
      size: 4842
    params:
      params.yaml:
        data.processed_path: backend/data/processed/email_dataset_processed.csv
        data.raw_path: backend/data/raw/email_dataset.csv
    outs:
    - path: backend/data/processed/email_dataset_processed.csv
      hash: md5
      md5: ff107a053d94d87ff5d8a08ec72c5a03
      size: 4589036
  train:
    cmd: python backend/src/training.py
    deps:
    - path: backend/data/processed/email_dataset_processed.csv
      hash: md5
      md5: ff107a053d94d87ff5d8a08ec72c5a03
      size: 4589036
    - path: backend/src/data_transform.py
      hash: md5
      md5: b2333fb097e1d7aff48951325c699fda
      size: 4842
    - path: backend/src/training.py
      hash: md5
      md5: fdaaada274cdda05fd6f6e5d6c10ae11
      size: 14634
    - path: params.yaml
      hash: md5
      md5: 076e36d1f61f05eac3b795b1542155a7
      size: 2051
    params:
      params.yaml:
        data.processed_path: backend/data/processed/email_dataset_processed.csv
        mlflow:
          experiment_name: email-phishing-detection
          run_name_prefix: phishing-detector
          track_model_signature: true
          register_model: true
          model_registry_name: fraud-detector-model
          track_important_metrics:
          - accuracy
          - precision
          - recall
          - f1_score
          - roc_auc
          - training_time
        model_variants:
          RandomForest_v1:
            type: RandomForest
            n_estimators: 100
            max_depth: 15
            min_samples_split: 5
            min_samples_leaf: 2
            random_state: 42
            n_jobs: -1
            criterion: gini
          RandomForest_v2:
            type: RandomForest
            n_estimators: 200
            max_depth: 20
            min_samples_split: 3
            min_samples_leaf: 1
            random_state: 42
            n_jobs: -1
          LogisticRegression_v1:
            type: LogisticRegression
            C: 1.0
            solver: lbfgs
            max_iter: 1000
            random_state: 42
          LogisticRegression_v2:
            type: LogisticRegression
            C: 0.1
            solver: liblinear
            max_iter: 1000
            random_state: 42
          NaiveBayes_v1:
            type: NaiveBayes
            alpha: 1.0
        preprocessing:
          train_test_split: 0.2
          random_state: 42
          tfidf_variants:
            tfidf_v1:
              max_features: 5000
              ngram_range:
              - 1
              - 2
              min_df: 2
              max_df: 0.95
            tfidf_v2:
              max_features: 3000
              ngram_range:
              - 1
              - 3
              min_df: 1
              max_df: 0.9
            tfidf_v3:
              max_features: 10000
              ngram_range:
              - 1
              - 2
              min_df: 1
              max_df: 0.95
    outs:
    - path: mlflow_artifacts/training_info.json
      hash: md5
      md5: 754e45bb9471963cc45bf4a2d46f6808
      size: 3953
  evaluate:
    cmd: python backend/src/evaluation.py
    deps:
    - path: backend/data/processed/email_dataset_processed.csv
      hash: md5
      md5: ff107a053d94d87ff5d8a08ec72c5a03
      size: 4589036
    - path: backend/src/data_transform.py
      hash: md5
      md5: b2333fb097e1d7aff48951325c699fda
      size: 4842
    - path: backend/src/evaluation.py
      hash: md5
      md5: 9ea09f0b07a134ef9814029883afc413
      size: 7615
    - path: mlflow_artifacts/training_info.json
      hash: md5
      md5: 754e45bb9471963cc45bf4a2d46f6808
      size: 3953
    - path: params.yaml
      hash: md5
      md5: 076e36d1f61f05eac3b795b1542155a7
      size: 2051
    params:
      params.yaml:
        data.processed_path: backend/data/processed/email_dataset_processed.csv
        mlflow:
          experiment_name: email-phishing-detection
          run_name_prefix: phishing-detector
          track_model_signature: true
          register_model: true
          model_registry_name: fraud-detector-model
          track_important_metrics:
          - accuracy
          - precision
          - recall
          - f1_score
          - roc_auc
          - training_time
        preprocessing:
          train_test_split: 0.2
          random_state: 42
          tfidf_variants:
            tfidf_v1:
              max_features: 5000
              ngram_range:
              - 1
              - 2
              min_df: 2
              max_df: 0.95
            tfidf_v2:
              max_features: 3000
              ngram_range:
              - 1
              - 3
              min_df: 1
              max_df: 0.9
            tfidf_v3:
              max_features: 10000
              ngram_range:
              - 1
              - 2
              min_df: 1
              max_df: 0.95
    outs:
    - path: backend/models
      hash: md5
      md5: 2673f4cf21e907c14fd0bd6ac563754e.dir
      size: 433593
      nfiles: 2
    - path: mlflow_artifacts/evaluation_report.csv
      hash: md5
      md5: eff2d3d009adf43d1122e0ceacebe492
      size: 819
